
Microsoft Visual Studio Solution File, Format Version 12.00
# Visual Studio Version 17
VisualStudioVersion = 17.0.31903.59
MinimumVisualStudioVersion = 10.0.40219.1
Project("{FAE04EC0-301F-11D3-BF4B-00C04F79EFBC}") = "Mohist.Server", "packages\server\src\Mohist.Server\Mohist.Server.csproj", "{A1B2C3D4-0001-0001-0001-000000000001}"
EndProject
Project("{FAE04EC0-301F-11D3-BF4B-00C04F79EFBC}") = "Mohist.Cli", "packages\cli\Mohist.Cli\Mohist.Cli.csproj", "{A1B2C3D4-0002-0002-0002-000000000002}"
EndProject
Project("{FAE04EC0-301F-11D3-BF4B-00C04F79EFBC}") = "Mohist.Server.SpecTests", "packages\server\tests\Mohist.Server.SpecTests\Mohist.Server.SpecTests.csproj", "{A1B2C3D4-0003-0003-0003-000000000003}"
EndProject
Project("{2150E333-8FDC-42A3-9474-1A3956D46DE8}") = "packages", "packages", "{809F86A1-1C4C-B159-0CD4-DF9D33D876CE}"
EndProject
Project("{2150E333-8FDC-42A3-9474-1A3956D46DE8}") = "server", "server", "{732F52B7-86E3-450A-4A89-E44C4CECA073}"
EndProject
Project("{2150E333-8FDC-42A3-9474-1A3956D46DE8}") = "tests", "tests", "{5204C9C1-8FDE-E187-EC0A-21FCBD43FA71}"
EndProject
Project("{FAE04EC0-301F-11D3-BF4B-00C04F79EFBC}") = "Mohist.Server.ArchTests", "packages\server\tests\Mohist.Server.ArchTests\Mohist.Server.ArchTests.csproj", "{B84A6EFE-5466-48C8-9D67-4ACDF1EEB9E9}"
EndProject
Project("{2150E333-8FDC-42A3-9474-1A3956D46DE8}") = "src", "src", "{280CF731-FBB2-30F5-136C-A7A60B6467C3}"
EndProject
Project("{FAE04EC0-301F-11D3-BF4B-00C04F79EFBC}") = "Mohist.Workflow.Definition", "packages\server\src\Mohist.Workflow.Definition\Mohist.Workflow.Definition.csproj", "{D3F1A4B5-0004-0004-0004-000000000004}"
EndProject
Project("{2150E333-8FDC-42A3-9474-1A3956D46DE8}") = "cli", "cli", "{2AD4A2B0-EA59-F122-62AA-DCFD822C05DC}"
EndProject
Project("{2150E333-8FDC-42A3-9474-1A3956D46DE8}") = "tests", "tests", "{B89EF008-B110-7D42-B933-EBA1204D5139}"
EndProject
Project("{FAE04EC0-301F-11D3-BF4B-00C04F79EFBC}") = "Mohist.Cli.Tests", "packages\cli\tests\Mohist.Cli.Tests\Mohist.Cli.Tests.csproj", "{E2CF616E-7F27-41A3-AACA-E78E00858850}"
EndProject
Project("{FAE04EC0-301F-11D3-BF4B-00C04F79EFBC}") = "Mohist.Server.UnitTests", "packages\server\tests\Mohist.Server.UnitTests\Mohist.Server.UnitTests.csproj", "{B2776360-BAF2-4D60-908B-D73225F8D307}"
EndProject
Project("{FAE04EC0-301F-11D3-BF4B-00C04F79EFBC}") = "Mohist.Workflow.Definition.Tests", "packages\server\tests\Mohist.Workflow.Definition.Tests\Mohist.Workflow.Definition.Tests.csproj", "{D3F1A4B5-0005-0005-0005-000000000005}"
EndProject
Global
	GlobalSection(SolutionConfigurationPlatforms) = preSolution
		Debug|Any CPU = Debug|Any CPU
		Debug|x64 = Debug|x64
		Debug|x86 = Debug|x86
		Release|Any CPU = Release|Any CPU
		Release|x64 = Release|x64
		Release|x86 = Release|x86
	EndGlobalSection
	GlobalSection(ProjectConfigurationPlatforms) = postSolution
		{A1B2C3D4-0001-0001-0001-000000000001}.Debug|Any CPU.ActiveCfg = Debug|Any CPU
		{A1B2C3D4-0001-0001-0001-000000000001}.Debug|Any CPU.Build.0 = Debug|Any CPU
		{A1B2C3D4-0001-0001-0001-000000000001}.Debug|x64.ActiveCfg = Debug|Any CPU
		{A1B2C3D4-0001-0001-0001-000000000001}.Debug|x64.Build.0 = Debug|Any CPU
		{A1B2C3D4-0001-0001-0001-000000000001}.Debug|x86.ActiveCfg = Debug|Any CPU
		{A1B2C3D4-0001-0001-0001-000000000001}.Debug|x86.Build.0 = Debug|Any CPU
		{A1B2C3D4-0001-0001-0001-000000000001}.Release|Any CPU.ActiveCfg = Release|Any CPU
		{A1B2C3D4-0001-0001-0001-000000000001}.Release|Any CPU.Build.0 = Release|Any CPU
		{A1B2C3D4-0001-0001-0001-000000000001}.Release|x64.ActiveCfg = Release|Any CPU
		{A1B2C3D4-0001-0001-0001-000000000001}.Release|x64.Build.0 = Release|Any CPU
		{A1B2C3D4-0001-0001-0001-000000000001}.Release|x86.ActiveCfg = Release|Any CPU
		{A1B2C3D4-0001-0001-0001-000000000001}.Release|x86.Build.0 = Release|Any CPU
		{A1B2C3D4-0002-0002-0002-000000000002}.Debug|Any CPU.ActiveCfg = Debug|Any CPU
		{A1B2C3D4-0002-0002-0002-000000000002}.Debug|Any CPU.Build.0 = Debug|Any CPU
		{A1B2C3D4-0002-0002-0002-000000000002}.Debug|x64.ActiveCfg = Debug|Any CPU
		{A1B2C3D4-0002-0002-0002-000000000002}.Debug|x64.Build.0 = Debug|Any CPU
		{A1B2C3D4-0002-0002-0002-000000000002}.Debug|x86.ActiveCfg = Debug|Any CPU
		{A1B2C3D4-0002-0002-0002-000000000002}.Debug|x86.Build.0 = Debug|Any CPU
		{A1B2C3D4-0002-0002-0002-000000000002}.Release|Any CPU.ActiveCfg = Release|Any CPU
		{A1B2C3D4-0002-0002-0002-000000000002}.Release|Any CPU.Build.0 = Release|Any CPU
		{A1B2C3D4-0002-0002-0002-000000000002}.Release|x64.ActiveCfg = Release|Any CPU
		{A1B2C3D4-0002-0002-0002-000000000002}.Release|x64.Build.0 = Release|Any CPU
		{A1B2C3D4-0002-0002-0002-000000000002}.Release|x86.ActiveCfg = Release|Any CPU
		{A1B2C3D4-0002-0002-0002-000000000002}.Release|x86.Build.0 = Release|Any CPU
		{A1B2C3D4-0003-0003-0003-000000000003}.Debug|Any CPU.ActiveCfg = Debug|Any CPU
		{A1B2C3D4-0003-0003-0003-000000000003}.Debug|Any CPU.Build.0 = Debug|Any CPU
		{A1B2C3D4-0003-0003-0003-000000000003}.Debug|x64.ActiveCfg = Debug|Any CPU
		{A1B2C3D4-0003-0003-0003-000000000003}.Debug|x64.Build.0 = Debug|Any CPU
		{A1B2C3D4-0003-0003-0003-000000000003}.Debug|x86.ActiveCfg = Debug|Any CPU
		{A1B2C3D4-0003-0003-0003-000000000003}.Debug|x86.Build.0 = Debug|Any CPU
		{A1B2C3D4-0003-0003-0003-000000000003}.Release|Any CPU.ActiveCfg = Release|Any CPU
		{A1B2C3D4-0003-0003-0003-000000000003}.Release|Any CPU.Build.0 = Release|Any CPU
		{A1B2C3D4-0003-0003-0003-000000000003}.Release|x64.ActiveCfg = Release|Any CPU
		{A1B2C3D4-0003-0003-0003-000000000003}.Release|x64.Build.0 = Release|Any CPU
		{A1B2C3D4-0003-0003-0003-000000000003}.Release|x86.ActiveCfg = Release|Any CPU
		{A1B2C3D4-0003-0003-0003-000000000003}.Release|x86.Build.0 = Release|Any CPU
		{B84A6EFE-5466-48C8-9D67-4ACDF1EEB9E9}.Debug|Any CPU.ActiveCfg = Debug|Any CPU
		{B84A6EFE-5466-48C8-9D67-4ACDF1EEB9E9}.Debug|Any CPU.Build.0 = Debug|Any CPU
		{B84A6EFE-5466-48C8-9D67-4ACDF1EEB9E9}.Debug|x64.ActiveCfg = Debug|Any CPU
		{B84A6EFE-5466-48C8-9D67-4ACDF1EEB9E9}.Debug|x64.Build.0 = Debug|Any CPU
		{B84A6EFE-5466-48C8-9D67-4ACDF1EEB9E9}.Debug|x86.ActiveCfg = Debug|Any CPU
		{B84A6EFE-5466-48C8-9D67-4ACDF1EEB9E9}.Debug|x86.Build.0 = Debug|Any CPU
		{B84A6EFE-5466-48C8-9D67-4ACDF1EEB9E9}.Release|Any CPU.ActiveCfg = Release|Any CPU
		{B84A6EFE-5466-48C8-9D67-4ACDF1EEB9E9}.Release|Any CPU.Build.0 = Release|Any CPU
		{B84A6EFE-5466-48C8-9D67-4ACDF1EEB9E9}.Release|x64.ActiveCfg = Release|Any CPU
		{B84A6EFE-5466-48C8-9D67-4ACDF1EEB9E9}.Release|x64.Build.0 = Release|Any CPU
		{B84A6EFE-5466-48C8-9D67-4ACDF1EEB9E9}.Release|x86.ActiveCfg = Release|Any CPU
		{B84A6EFE-5466-48C8-9D67-4ACDF1EEB9E9}.Release|x86.Build.0 = Release|Any CPU
		{E2CF616E-7F27-41A3-AACA-E78E00858850}.Debug|Any CPU.ActiveCfg = Debug|Any CPU
		{E2CF616E-7F27-41A3-AACA-E78E00858850}.Debug|Any CPU.Build.0 = Debug|Any CPU
		{E2CF616E-7F27-41A3-AACA-E78E00858850}.Debug|x64.ActiveCfg = Debug|Any CPU
		{E2CF616E-7F27-41A3-AACA-E78E00858850}.Debug|x64.Build.0 = Debug|Any CPU
		{E2CF616E-7F27-41A3-AACA-E78E00858850}.Debug|x86.ActiveCfg = Debug|Any CPU
		{E2CF616E-7F27-41A3-AACA-E78E00858850}.Debug|x86.Build.0 = Debug|Any CPU
		{E2CF616E-7F27-41A3-AACA-E78E00858850}.Release|Any CPU.ActiveCfg = Release|Any CPU
		{E2CF616E-7F27-41A3-AACA-E78E00858850}.Release|Any CPU.Build.0 = Release|Any CPU
		{E2CF616E-7F27-41A3-AACA-E78E00858850}.Release|x64.ActiveCfg = Release|Any CPU
		{E2CF616E-7F27-41A3-AACA-E78E00858850}.Release|x64.Build.0 = Release|Any CPU
		{E2CF616E-7F27-41A3-AACA-E78E00858850}.Release|x86.ActiveCfg = Release|Any CPU
		{E2CF616E-7F27-41A3-AACA-E78E00858850}.Release|x86.Build.0 = Release|Any CPU
		{B2776360-BAF2-4D60-908B-D73225F8D307}.Debug|Any CPU.ActiveCfg = Debug|Any CPU
		{B2776360-BAF2-4D60-908B-D73225F8D307}.Debug|Any CPU.Build.0 = Debug|Any CPU
		{B2776360-BAF2-4D60-908B-D73225F8D307}.Debug|x64.ActiveCfg = Debug|Any CPU
		{B2776360-BAF2-4D60-908B-D73225F8D307}.Debug|x64.Build.0 = Debug|Any CPU
		{B2776360-BAF2-4D60-908B-D73225F8D307}.Debug|x86.ActiveCfg = Debug|Any CPU
		{B2776360-BAF2-4D60-908B-D73225F8D307}.Debug|x86.Build.0 = Debug|Any CPU
		{B2776360-BAF2-4D60-908B-D73225F8D307}.Release|Any CPU.ActiveCfg = Release|Any CPU
		{B2776360-BAF2-4D60-908B-D73225F8D307}.Release|Any CPU.Build.0 = Release|Any CPU
		{B2776360-BAF2-4D60-908B-D73225F8D307}.Release|x64.ActiveCfg = Release|Any CPU
		{B2776360-BAF2-4D60-908B-D73225F8D307}.Release|x64.Build.0 = Release|Any CPU
		{B2776360-BAF2-4D60-908B-D73225F8D307}.Release|x86.ActiveCfg = Release|Any CPU
		{B2776360-BAF2-4D60-908B-D73225F8D307}.Release|x86.Build.0 = Release|Any CPU
		{D3F1A4B5-0004-0004-0004-000000000004}.Debug|Any CPU.ActiveCfg = Debug|Any CPU
		{D3F1A4B5-0004-0004-0004-000000000004}.Debug|Any CPU.Build.0 = Debug|Any CPU
		{D3F1A4B5-0004-0004-0004-000000000004}.Debug|x64.ActiveCfg = Debug|Any CPU
		{D3F1A4B5-0004-0004-0004-000000000004}.Debug|x64.Build.0 = Debug|Any CPU
		{D3F1A4B5-0004-0004-0004-000000000004}.Debug|x86.ActiveCfg = Debug|Any CPU
		{D3F1A4B5-0004-0004-0004-000000000004}.Debug|x86.Build.0 = Debug|Any CPU
		{D3F1A4B5-0004-0004-0004-000000000004}.Release|Any CPU.ActiveCfg = Release|Any CPU
		{D3F1A4B5-0004-0004-0004-000000000004}.Release|Any CPU.Build.0 = Release|Any CPU
		{D3F1A4B5-0004-0004-0004-000000000004}.Release|x64.ActiveCfg = Release|Any CPU
		{D3F1A4B5-0004-0004-0004-000000000004}.Release|x64.Build.0 = Release|Any CPU
		{D3F1A4B5-0004-0004-0004-000000000004}.Release|x86.ActiveCfg = Release|Any CPU
		{D3F1A4B5-0004-0004-0004-000000000004}.Release|x86.Build.0 = Release|Any CPU
		{D3F1A4B5-0005-0005-0005-000000000005}.Debug|Any CPU.ActiveCfg = Debug|Any CPU
		{D3F1A4B5-0005-0005-0005-000000000005}.Debug|Any CPU.Build.0 = Debug|Any CPU
		{D3F1A4B5-0005-0005-0005-000000000005}.Debug|x64.ActiveCfg = Debug|Any CPU
		{D3F1A4B5-0005-0005-0005-000000000005}.Debug|x64.Build.0 = Debug|Any CPU
		{D3F1A4B5-0005-0005-0005-000000000005}.Debug|x86.ActiveCfg = Debug|Any CPU
		{D3F1A4B5-0005-0005-0005-000000000005}.Debug|x86.Build.0 = Debug|Any CPU
		{D3F1A4B5-0005-0005-0005-000000000005}.Release|Any CPU.ActiveCfg = Release|Any CPU
		{D3F1A4B5-0005-0005-0005-000000000005}.Release|Any CPU.Build.0 = Release|Any CPU
		{D3F1A4B5-0005-0005-0005-000000000005}.Release|x64.ActiveCfg = Release|Any CPU
		{D3F1A4B5-0005-0005-0005-000000000005}.Release|x64.Build.0 = Release|Any CPU
		{D3F1A4B5-0005-0005-0005-000000000005}.Release|x86.ActiveCfg = Release|Any CPU
		{D3F1A4B5-0005-0005-0005-000000000005}.Release|x86.Build.0 = Release|Any CPU
	EndGlobalSection
	GlobalSection(SolutionProperties) = preSolution
		HideSolutionNode = FALSE
	EndGlobalSection
	GlobalSection(NestedProjects) = preSolution
		{732F52B7-86E3-450A-4A89-E44C4CECA073} = {809F86A1-1C4C-B159-0CD4-DF9D33D876CE}
		{5204C9C1-8FDE-E187-EC0A-21FCBD43FA71} = {732F52B7-86E3-450A-4A89-E44C4CECA073}
		{B84A6EFE-5466-48C8-9D67-4ACDF1EEB9E9} = {5204C9C1-8FDE-E187-EC0A-21FCBD43FA71}
		{280CF731-FBB2-30F5-136C-A7A60B6467C3} = {732F52B7-86E3-450A-4A89-E44C4CECA073}
		{2AD4A2B0-EA59-F122-62AA-DCFD822C05DC} = {809F86A1-1C4C-B159-0CD4-DF9D33D876CE}
		{B89EF008-B110-7D42-B933-EBA1204D5139} = {2AD4A2B0-EA59-F122-62AA-DCFD822C05DC}
		{E2CF616E-7F27-41A3-AACA-E78E00858850} = {B89EF008-B110-7D42-B933-EBA1204D5139}
		{B2776360-BAF2-4D60-908B-D73225F8D307} = {5204C9C1-8FDE-E187-EC0A-21FCBD43FA71}
		{D3F1A4B5-0004-0004-0004-000000000004} = {280CF731-FBB2-30F5-136C-A7A60B6467C3}
		{D3F1A4B5-0005-0005-0005-000000000005} = {5204C9C1-8FDE-E187-EC0A-21FCBD43FA71}
	EndGlobalSection
EndGlobal
