github.com/gorilla/websocket v1.5.3 h1:saDtZ6Pbx/0u+bgYQ3q96pZgCzfhKXGPqt7kZ72aNNg=
github.com/gorilla/websocket v1.5.3/go.mod h1:YR8l580nyteQvAITg2hZ9XVh4b55+EU/adAjf1fMHhE=
github.com/slack-go/slack v0.29.0 h1:ohhMNgp9DmPKiLhH/pNZV4NxhOXKgNy0SH8FzVHNerI=
github.com/slack-go/slack v0.29.0/go.mod h1:UEe+jmo9WLlwHB04qsOrTDvqM7Aa4rQL3O5wF3n0hx4=
